
Microsoft Visual Studio Solution File, Format Version 12.00
# Visual Studio Version 17
VisualStudioVersion = 17.2.32519.379
MinimumVisualStudioVersion = 10.0.40219.1
Project("{9A19103F-16F7-4668-BE54-9A1E7A4F7556}") = "QLKho", "QLKho\QLKho.csproj", "{DFA25ECE-1634-4A65-821C-3432C49D19E1}"
EndProject
Project("{2150E333-8FDC-42A3-9474-1A3956D46DE8}") = "Core", "Core", "{24682004-5B7A-424C-ABB0-BFF737FAFE74}"
EndProject
Project("{2150E333-8FDC-42A3-9474-1A3956D46DE8}") = "Infrastucture_CoSoHaTang", "Infrastucture_CoSoHaTang", "{610F021D-9770-4C77-987C-009AB17E4E78}"
EndProject
Project("{2150E333-8FDC-42A3-9474-1A3956D46DE8}") = "Data", "Data", "{493A8DAF-2EFA-456E-8329-E57AB8CB0744}"
EndProject
Project("{FAE04EC0-301F-11D3-BF4B-00C04F79EFBC}") = "Data.SqlServer", "Data.SqlServer\Data.SqlServer.csproj", "{3600650E-FDA5-44AC-924E-5C88A5A2271C}"
EndProject
Global
	GlobalSection(SolutionConfigurationPlatforms) = preSolution
		Debug|Any CPU = Debug|Any CPU
		Release|Any CPU = Release|Any CPU
	EndGlobalSection
	GlobalSection(ProjectConfigurationPlatforms) = postSolution
		{DFA25ECE-1634-4A65-821C-3432C49D19E1}.Debug|Any CPU.ActiveCfg = Debug|Any CPU
		{DFA25ECE-1634-4A65-821C-3432C49D19E1}.Debug|Any CPU.Build.0 = Debug|Any CPU
		{DFA25ECE-1634-4A65-821C-3432C49D19E1}.Release|Any CPU.ActiveCfg = Release|Any CPU
		{DFA25ECE-1634-4A65-821C-3432C49D19E1}.Release|Any CPU.Build.0 = Release|Any CPU
		{3600650E-FDA5-44AC-924E-5C88A5A2271C}.Debug|Any CPU.ActiveCfg = Debug|Any CPU
		{3600650E-FDA5-44AC-924E-5C88A5A2271C}.Debug|Any CPU.Build.0 = Debug|Any CPU
		{3600650E-FDA5-44AC-924E-5C88A5A2271C}.Release|Any CPU.ActiveCfg = Release|Any CPU
		{3600650E-FDA5-44AC-924E-5C88A5A2271C}.Release|Any CPU.Build.0 = Release|Any CPU
	EndGlobalSection
	GlobalSection(SolutionProperties) = preSolution
		HideSolutionNode = FALSE
	EndGlobalSection
	GlobalSection(NestedProjects) = preSolution
		{610F021D-9770-4C77-987C-009AB17E4E78} = {24682004-5B7A-424C-ABB0-BFF737FAFE74}
		{493A8DAF-2EFA-456E-8329-E57AB8CB0744} = {610F021D-9770-4C77-987C-009AB17E4E78}
		{3600650E-FDA5-44AC-924E-5C88A5A2271C} = {493A8DAF-2EFA-456E-8329-E57AB8CB0744}
	EndGlobalSection
	GlobalSection(ExtensibilityGlobals) = postSolution
		SolutionGuid = {D450C30D-2E84-4A84-AAA2-1A8465BFDEDF}
	EndGlobalSection
EndGlobal
